
Microsoft Visual Studio Solution File, Format Version 12.00
# Visual Studio Version 16
VisualStudioVersion = 16.0.30413.136
MinimumVisualStudioVersion = 10.0.40219.1
Project("{9A19103F-16F7-4668-BE54-9A1E7A4F7556}") = "Substring", "Substring\Substring.csproj", "{8E985C35-1771-407D-904F-7E6FD460A4CB}"
EndProject
Project("{9A19103F-16F7-4668-BE54-9A1E7A4F7556}") = "LOGITpe20", "LOGITpe20\LOGITpe20.csproj", "{5DEC87AF-EA38-4924-8D79-92525CE37B41}"
EndProject
Project("{9A19103F-16F7-4668-BE54-9A1E7A4F7556}") = "IDCodeReader", "IDCodeREader\IDCodeReader.csproj", "{81BFBE39-7509-460F-9325-0627A30A43D5}"
EndProject
Project("{9A19103F-16F7-4668-BE54-9A1E7A4F7556}") = "ValidateYear", "ValidateYear\ValidateYear.csproj", "{8D81A780-5855-41B0-8007-3CF31F1745E7}"
EndProject
Project("{FAE04EC0-301F-11D3-BF4B-00C04F79EFBC}") = "CVVValidation", "CVVValidation\CVVValidation.csproj", "{6E1C2645-F260-43A7-A06A-6D4CD33E4ED8}"
EndProject
Global
	GlobalSection(SolutionConfigurationPlatforms) = preSolution
		Debug|Any CPU = Debug|Any CPU
		Release|Any CPU = Release|Any CPU
	EndGlobalSection
	GlobalSection(ProjectConfigurationPlatforms) = postSolution
		{8E985C35-1771-407D-904F-7E6FD460A4CB}.Debug|Any CPU.ActiveCfg = Debug|Any CPU
		{8E985C35-1771-407D-904F-7E6FD460A4CB}.Debug|Any CPU.Build.0 = Debug|Any CPU
		{8E985C35-1771-407D-904F-7E6FD460A4CB}.Release|Any CPU.ActiveCfg = Release|Any CPU
		{8E985C35-1771-407D-904F-7E6FD460A4CB}.Release|Any CPU.Build.0 = Release|Any CPU
		{5DEC87AF-EA38-4924-8D79-92525CE37B41}.Debug|Any CPU.ActiveCfg = Debug|Any CPU
		{5DEC87AF-EA38-4924-8D79-92525CE37B41}.Debug|Any CPU.Build.0 = Debug|Any CPU
		{5DEC87AF-EA38-4924-8D79-92525CE37B41}.Release|Any CPU.ActiveCfg = Release|Any CPU
		{5DEC87AF-EA38-4924-8D79-92525CE37B41}.Release|Any CPU.Build.0 = Release|Any CPU
		{81BFBE39-7509-460F-9325-0627A30A43D5}.Debug|Any CPU.ActiveCfg = Debug|Any CPU
		{81BFBE39-7509-460F-9325-0627A30A43D5}.Debug|Any CPU.Build.0 = Debug|Any CPU
		{81BFBE39-7509-460F-9325-0627A30A43D5}.Release|Any CPU.ActiveCfg = Release|Any CPU
		{81BFBE39-7509-460F-9325-0627A30A43D5}.Release|Any CPU.Build.0 = Release|Any CPU
		{8D81A780-5855-41B0-8007-3CF31F1745E7}.Debug|Any CPU.ActiveCfg = Debug|Any CPU
		{8D81A780-5855-41B0-8007-3CF31F1745E7}.Debug|Any CPU.Build.0 = Debug|Any CPU
		{8D81A780-5855-41B0-8007-3CF31F1745E7}.Release|Any CPU.ActiveCfg = Release|Any CPU
		{8D81A780-5855-41B0-8007-3CF31F1745E7}.Release|Any CPU.Build.0 = Release|Any CPU
		{6E1C2645-F260-43A7-A06A-6D4CD33E4ED8}.Debug|Any CPU.ActiveCfg = Debug|Any CPU
		{6E1C2645-F260-43A7-A06A-6D4CD33E4ED8}.Debug|Any CPU.Build.0 = Debug|Any CPU
		{6E1C2645-F260-43A7-A06A-6D4CD33E4ED8}.Release|Any CPU.ActiveCfg = Release|Any CPU
		{6E1C2645-F260-43A7-A06A-6D4CD33E4ED8}.Release|Any CPU.Build.0 = Release|Any CPU
	EndGlobalSection
	GlobalSection(SolutionProperties) = preSolution
		HideSolutionNode = FALSE
	EndGlobalSection
	GlobalSection(ExtensibilityGlobals) = postSolution
		SolutionGuid = {BF42D171-D264-42DA-8A98-A4F90C71CA6D}
	EndGlobalSection
EndGlobal
